
Microsoft Visual Studio Solution File, Format Version 12.00
# Visual Studio Version 17
VisualStudioVersion = 17.7.34031.279
MinimumVisualStudioVersion = 10.0.40219.1
Project("{FAE04EC0-301F-11D3-BF4B-00C04F79EFBC}") = "ElectronicMenu.WebAPI", "ElectronicMenu.WebAPI\ElectronicMenu.WebAPI.csproj", "{D1F4D84D-E260-42E9-9312-FBD150D23D10}"
EndProject
Global
	GlobalSection(SolutionConfigurationPlatforms) = preSolution
		Debug|Any CPU = Debug|Any CPU
		Release|Any CPU = Release|Any CPU
	EndGlobalSection
	GlobalSection(ProjectConfigurationPlatforms) = postSolution
		{D1F4D84D-E260-42E9-9312-FBD150D23D10}.Debug|Any CPU.ActiveCfg = Debug|Any CPU
		{D1F4D84D-E260-42E9-9312-FBD150D23D10}.Debug|Any CPU.Build.0 = Debug|Any CPU
		{D1F4D84D-E260-42E9-9312-FBD150D23D10}.Release|Any CPU.ActiveCfg = Release|Any CPU
		{D1F4D84D-E260-42E9-9312-FBD150D23D10}.Release|Any CPU.Build.0 = Release|Any CPU
	EndGlobalSection
	GlobalSection(SolutionProperties) = preSolution
		HideSolutionNode = FALSE
	EndGlobalSection
	GlobalSection(ExtensibilityGlobals) = postSolution
		SolutionGuid = {03C19C51-5996-41F8-854D-FF8007D8AFC9}
	EndGlobalSection
EndGlobal
